
Microsoft Visual Studio Solution File, Format Version 12.00
# Visual Studio 15
VisualStudioVersion = 15.0.28307.329
MinimumVisualStudioVersion = 10.0.40219.1
Project("{FAE04EC0-301F-11D3-BF4B-00C04F79EFBC}") = "RestSharpTestApp", "RestSharpTestApp\RestSharpTestApp.csproj", "{B8BF0073-6AC3-48D3-98EB-F86B22E0C291}"
EndProject
Project("{FAE04EC0-301F-11D3-BF4B-00C04F79EFBC}") = "UnitTests", "UnitTests\UnitTests.csproj", "{6C04DD89-EB34-4CB0-89F5-94DB57CF6274}"
EndProject
Global
	GlobalSection(SolutionConfigurationPlatforms) = preSolution
		Debug|Any CPU = Debug|Any CPU
		Release|Any CPU = Release|Any CPU
	EndGlobalSection
	GlobalSection(ProjectConfigurationPlatforms) = postSolution
		{B8BF0073-6AC3-48D3-98EB-F86B22E0C291}.Debug|Any CPU.ActiveCfg = Debug|Any CPU
		{B8BF0073-6AC3-48D3-98EB-F86B22E0C291}.Debug|Any CPU.Build.0 = Debug|Any CPU
		{B8BF0073-6AC3-48D3-98EB-F86B22E0C291}.Release|Any CPU.ActiveCfg = Release|Any CPU
		{B8BF0073-6AC3-48D3-98EB-F86B22E0C291}.Release|Any CPU.Build.0 = Release|Any CPU
		{6C04DD89-EB34-4CB0-89F5-94DB57CF6274}.Debug|Any CPU.ActiveCfg = Debug|Any CPU
		{6C04DD89-EB34-4CB0-89F5-94DB57CF6274}.Debug|Any CPU.Build.0 = Debug|Any CPU
		{6C04DD89-EB34-4CB0-89F5-94DB57CF6274}.Release|Any CPU.ActiveCfg = Release|Any CPU
		{6C04DD89-EB34-4CB0-89F5-94DB57CF6274}.Release|Any CPU.Build.0 = Release|Any CPU
	EndGlobalSection
	GlobalSection(SolutionProperties) = preSolution
		HideSolutionNode = FALSE
	EndGlobalSection
	GlobalSection(ExtensibilityGlobals) = postSolution
		SolutionGuid = {0BDA1CBB-3C84-403F-8192-A343A48E736C}
	EndGlobalSection
EndGlobal
